// !$*UTF8*$!
{
	archiveVersion = 1;
	classes = {
	};
	objectVersion = 56;
	objects = {

/* Begin PBXBuildFile section */
		CE0C0E082BB6EA2B00BD16CA /* CoreDataFeedStoreTests.swift in Sources */ = {isa = PBXBuildFile; fileRef = CE0C0E072BB6EA2B00BD16CA /* CoreDataFeedStoreTests.swift */; };
		CE0C0E0A2BB6EF7800BD16CA /* CoreDataFeedStore.swift in Sources */ = {isa = PBXBuildFile; fileRef = CE0C0E092BB6EF7800BD16CA /* CoreDataFeedStore.swift */; };
		CE0C0E0D2BB6F56E00BD16CA /* FeedStore.xcdatamodeld in Sources */ = {isa = PBXBuildFile; fileRef = CE0C0E0B2BB6F56E00BD16CA /* FeedStore.xcdatamodeld */; };
		CE0C12072B74208700B29A65 /* CodableFeedStoreTests.swift in Sources */ = {isa = PBXBuildFile; fileRef = CE0C12062B74208700B29A65 /* CodableFeedStoreTests.swift */; };
		CE11E1312B517AB000C13C6C /* LocalFeedLoader.swift in Sources */ = {isa = PBXBuildFile; fileRef = CE11E1302B517AB000C13C6C /* LocalFeedLoader.swift */; };
		CE11E1342B517BEF00C13C6C /* FeedStore.swift in Sources */ = {isa = PBXBuildFile; fileRef = CE11E1332B517BEF00C13C6C /* FeedStore.swift */; };
		CE3208F02B4AD281005209B6 /* CacheFeeUseCaseTests.swift in Sources */ = {isa = PBXBuildFile; fileRef = CE3208EF2B4AD281005209B6 /* CacheFeeUseCaseTests.swift */; };
		CE4074972B56AC63006E01AC /* LoadFeedFromCacheUseCaseTests.swift in Sources */ = {isa = PBXBuildFile; fileRef = CE4074962B56AC63006E01AC /* LoadFeedFromCacheUseCaseTests.swift */; };
		CE4074992B56AF71006E01AC /* FeedStoreSpy.swift in Sources */ = {isa = PBXBuildFile; fileRef = CE4074982B56AF71006E01AC /* FeedStoreSpy.swift */; };
		CE5884ED2B2B7F7F0052195C /* EssentialFeed.docc in Sources */ = {isa = PBXBuildFile; fileRef = CE5884EC2B2B7F7F0052195C /* EssentialFeed.docc */; };
		CE5884F32B2B7F7F0052195C /* EssentialFeed.framework in Frameworks */ = {isa = PBXBuildFile; fileRef = CE5884E82B2B7F7F0052195C /* EssentialFeed.framework */; };
		CE5884F92B2B7F7F0052195C /* EssentialFeed.h in Headers */ = {isa = PBXBuildFile; fileRef = CE5884EB2B2B7F7F0052195C /* EssentialFeed.h */; settings = {ATTRIBUTES = (Public, ); }; };
		CE5885032B2B7FE60052195C /* FeedImage.swift in Sources */ = {isa = PBXBuildFile; fileRef = CE5885022B2B7FE60052195C /* FeedImage.swift */; };
		CE5885052B2B82040052195C /* FeedLoader.swift in Sources */ = {isa = PBXBuildFile; fileRef = CE5885042B2B82040052195C /* FeedLoader.swift */; };
		CE6026932B2FB7A50019B6A8 /* RemoteFeedLoader.swift in Sources */ = {isa = PBXBuildFile; fileRef = CE6026922B2FB7A50019B6A8 /* RemoteFeedLoader.swift */; };
		CE6262212BA2531E00969C43 /* XCTestCase+FailableRetrieveFeedStoreSpecs.swift in Sources */ = {isa = PBXBuildFile; fileRef = CE6262202BA2531E00969C43 /* XCTestCase+FailableRetrieveFeedStoreSpecs.swift */; };
		CE6262232BA253E200969C43 /* XCTestCase+FailableInsertFeedStoreSpecs.swift in Sources */ = {isa = PBXBuildFile; fileRef = CE6262222BA253E200969C43 /* XCTestCase+FailableInsertFeedStoreSpecs.swift */; };
		CE6262252BA2566900969C43 /* XCTestCase+FailableDeleteFeedStoreSpecs.swift in Sources */ = {isa = PBXBuildFile; fileRef = CE6262242BA2566900969C43 /* XCTestCase+FailableDeleteFeedStoreSpecs.swift */; };
		CE639D6F2B4173B900B70ABA /* URLSessionHTTPClient.swift in Sources */ = {isa = PBXBuildFile; fileRef = CE639D6E2B4173B900B70ABA /* URLSessionHTTPClient.swift */; };
		CE639D792B418D6100B70ABA /* EssentialFeedAPIEndToEndTests.swift in Sources */ = {isa = PBXBuildFile; fileRef = CE639D782B418D6100B70ABA /* EssentialFeedAPIEndToEndTests.swift */; };
		CE639D7A2B418D6100B70ABA /* EssentialFeed.framework in Frameworks */ = {isa = PBXBuildFile; fileRef = CE5884E82B2B7F7F0052195C /* EssentialFeed.framework */; };
		CE639D802B41A12300B70ABA /* XCTestCase+MemoryLeakTracking.swift in Sources */ = {isa = PBXBuildFile; fileRef = CE6676292B3DCDAA00DFDE2F /* XCTestCase+MemoryLeakTracking.swift */; };
		CE639D882B41A48900B70ABA /* CI.swift in Sources */ = {isa = PBXBuildFile; fileRef = CE639D872B41A48900B70ABA /* CI.swift */; };
		CE639D892B41A48900B70ABA /* EssentialFeed.framework in Frameworks */ = {isa = PBXBuildFile; fileRef = CE5884E82B2B7F7F0052195C /* EssentialFeed.framework */; };
		CE64A6842B5475C90002A2A7 /* RemoteFeedItem.swift in Sources */ = {isa = PBXBuildFile; fileRef = CE64A6832B5475C90002A2A7 /* RemoteFeedItem.swift */; };
		CE64A6862B54763D0002A2A7 /* LocalFeedImage.swift in Sources */ = {isa = PBXBuildFile; fileRef = CE64A6852B54763D0002A2A7 /* LocalFeedImage.swift */; };
		CE66762A2B3DCDAA00DFDE2F /* XCTestCase+MemoryLeakTracking.swift in Sources */ = {isa = PBXBuildFile; fileRef = CE6676292B3DCDAA00DFDE2F /* XCTestCase+MemoryLeakTracking.swift */; };
		CE667D9D2BBACFDB00DE78EB /* CoreDataHelpers.swift in Sources */ = {isa = PBXBuildFile; fileRef = CE667D9C2BBACFDB00DE78EB /* CoreDataHelpers.swift */; };
		CE667D9F2BBAD07E00DE78EB /* ManagedCache.swift in Sources */ = {isa = PBXBuildFile; fileRef = CE667D9E2BBAD07E00DE78EB /* ManagedCache.swift */; };
		CE667DA12BBAD0A700DE78EB /* ManagedFeedImage.swift in Sources */ = {isa = PBXBuildFile; fileRef = CE667DA02BBAD0A700DE78EB /* ManagedFeedImage.swift */; };
		CE667DA92BBADB2A00DE78EB /* EssentialFeedCacheIntegrationTests.swift in Sources */ = {isa = PBXBuildFile; fileRef = CE667DA82BBADB2A00DE78EB /* EssentialFeedCacheIntegrationTests.swift */; };
		CE667DAA2BBADB2A00DE78EB /* EssentialFeed.framework in Frameworks */ = {isa = PBXBuildFile; fileRef = CE5884E82B2B7F7F0052195C /* EssentialFeed.framework */; };
		CE667DB12BBAE18C00DE78EB /* XCTestCase+MemoryLeakTracking.swift in Sources */ = {isa = PBXBuildFile; fileRef = CE6676292B3DCDAA00DFDE2F /* XCTestCase+MemoryLeakTracking.swift */; };
		CE667DB22BBAE74700DE78EB /* FeedCacheTestHelpers.swift in Sources */ = {isa = PBXBuildFile; fileRef = CEC1FA4F2B69C0EA0089D823 /* FeedCacheTestHelpers.swift */; };
		CE667DB32BBAE76A00DE78EB /* SharedTestHelper.swift in Sources */ = {isa = PBXBuildFile; fileRef = CEC1FA512B69C2FF0089D823 /* SharedTestHelper.swift */; };
		CE77A5D82B387A3400AE9985 /* HTTPClient.swift in Sources */ = {isa = PBXBuildFile; fileRef = CE77A5D72B387A3400AE9985 /* HTTPClient.swift */; };
		CE77A5DA2B387AB400AE9985 /* FeedItemsMapper.swift in Sources */ = {isa = PBXBuildFile; fileRef = CE77A5D92B387AB400AE9985 /* FeedItemsMapper.swift */; };
		CE9D79142B39DDDD0034B04B /* URLSessionHTTPClientTests.swift in Sources */ = {isa = PBXBuildFile; fileRef = CE9D79132B39DDDD0034B04B /* URLSessionHTTPClientTests.swift */; };
		CEB3FD3D2B92924C00A15CA8 /* CodableFeedStore.swift in Sources */ = {isa = PBXBuildFile; fileRef = CEB3FD3C2B92924C00A15CA8 /* CodableFeedStore.swift */; };
		CEBBB7702B9F0CB90005B48F /* FeedStoreSpecs.swift in Sources */ = {isa = PBXBuildFile; fileRef = CEBBB76F2B9F0CB90005B48F /* FeedStoreSpecs.swift */; };
		CEBBB7722B9F0E160005B48F /* XCTestCase+FeedStoreSpecs.swift in Sources */ = {isa = PBXBuildFile; fileRef = CEBBB7712B9F0E160005B48F /* XCTestCase+FeedStoreSpecs.swift */; };
		CEC1FA4E2B69B28A0089D823 /* ValidateFeedCacheUseCaseTests.swift in Sources */ = {isa = PBXBuildFile; fileRef = CEC1FA4D2B69B28A0089D823 /* ValidateFeedCacheUseCaseTests.swift */; };
		CEC1FA502B69C0EA0089D823 /* FeedCacheTestHelpers.swift in Sources */ = {isa = PBXBuildFile; fileRef = CEC1FA4F2B69C0EA0089D823 /* FeedCacheTestHelpers.swift */; };
		CEC1FA522B69C2FF0089D823 /* SharedTestHelper.swift in Sources */ = {isa = PBXBuildFile; fileRef = CEC1FA512B69C2FF0089D823 /* SharedTestHelper.swift */; };
		CEC640D32B6C1599005F4C49 /* FeedCachePolicy.swift in Sources */ = {isa = PBXBuildFile; fileRef = CEC640D22B6C1599005F4C49 /* FeedCachePolicy.swift */; };
		CEE628462B2CBBF000400AA8 /* RemoteFeedLoaderTests.swift in Sources */ = {isa = PBXBuildFile; fileRef = CEE628452B2CBBF000400AA8 /* RemoteFeedLoaderTests.swift */; };
/* End PBXBuildFile section */

/* Begin PBXContainerItemProxy section */
		CE5884F42B2B7F7F0052195C /* PBXContainerItemProxy */ = {
			isa = PBXContainerItemProxy;
			containerPortal = CE5884DF2B2B7F7F0052195C /* Project object */;
			proxyType = 1;
			remoteGlobalIDString = CE5884E72B2B7F7F0052195C;
			remoteInfo = EssentialFeed;
		};
		CE639D7B2B418D6100B70ABA /* PBXContainerItemProxy */ = {
			isa = PBXContainerItemProxy;
			containerPortal = CE5884DF2B2B7F7F0052195C /* Project object */;
			proxyType = 1;
			remoteGlobalIDString = CE5884E72B2B7F7F0052195C;
			remoteInfo = EssentialFeed;
		};
		CE639D8A2B41A48900B70ABA /* PBXContainerItemProxy */ = {
			isa = PBXContainerItemProxy;
			containerPortal = CE5884DF2B2B7F7F0052195C /* Project object */;
			proxyType = 1;
			remoteGlobalIDString = CE5884E72B2B7F7F0052195C;
			remoteInfo = EssentialFeed;
		};
		CE667DAB2BBADB2A00DE78EB /* PBXContainerItemProxy */ = {
			isa = PBXContainerItemProxy;
			containerPortal = CE5884DF2B2B7F7F0052195C /* Project object */;
			proxyType = 1;
			remoteGlobalIDString = CE5884E72B2B7F7F0052195C;
			remoteInfo = EssentialFeed;
		};
/* End PBXContainerItemProxy section */

/* Begin PBXFileReference section */
		CE0C0E072BB6EA2B00BD16CA /* CoreDataFeedStoreTests.swift */ = {isa = PBXFileReference; lastKnownFileType = sourcecode.swift; path = CoreDataFeedStoreTests.swift; sourceTree = "<group>"; };
		CE0C0E092BB6EF7800BD16CA /* CoreDataFeedStore.swift */ = {isa = PBXFileReference; lastKnownFileType = sourcecode.swift; path = CoreDataFeedStore.swift; sourceTree = "<group>"; };
		CE0C0E0C2BB6F56E00BD16CA /* FeedStore.xcdatamodel */ = {isa = PBXFileReference; lastKnownFileType = wrapper.xcdatamodel; path = FeedStore.xcdatamodel; sourceTree = "<group>"; };
		CE0C12062B74208700B29A65 /* CodableFeedStoreTests.swift */ = {isa = PBXFileReference; lastKnownFileType = sourcecode.swift; path = CodableFeedStoreTests.swift; sourceTree = "<group>"; };
		CE11E1302B517AB000C13C6C /* LocalFeedLoader.swift */ = {isa = PBXFileReference; lastKnownFileType = sourcecode.swift; path = LocalFeedLoader.swift; sourceTree = "<group>"; };
		CE11E1332B517BEF00C13C6C /* FeedStore.swift */ = {isa = PBXFileReference; lastKnownFileType = sourcecode.swift; path = FeedStore.swift; sourceTree = "<group>"; };
		CE3208EF2B4AD281005209B6 /* CacheFeeUseCaseTests.swift */ = {isa = PBXFileReference; lastKnownFileType = sourcecode.swift; path = CacheFeeUseCaseTests.swift; sourceTree = "<group>"; };
		CE4074962B56AC63006E01AC /* LoadFeedFromCacheUseCaseTests.swift */ = {isa = PBXFileReference; lastKnownFileType = sourcecode.swift; path = LoadFeedFromCacheUseCaseTests.swift; sourceTree = "<group>"; };
		CE4074982B56AF71006E01AC /* FeedStoreSpy.swift */ = {isa = PBXFileReference; lastKnownFileType = sourcecode.swift; path = FeedStoreSpy.swift; sourceTree = "<group>"; };
		CE5884E82B2B7F7F0052195C /* EssentialFeed.framework */ = {isa = PBXFileReference; explicitFileType = wrapper.framework; includeInIndex = 0; path = EssentialFeed.framework; sourceTree = BUILT_PRODUCTS_DIR; };
		CE5884EB2B2B7F7F0052195C /* EssentialFeed.h */ = {isa = PBXFileReference; lastKnownFileType = sourcecode.c.h; path = EssentialFeed.h; sourceTree = "<group>"; };
		CE5884EC2B2B7F7F0052195C /* EssentialFeed.docc */ = {isa = PBXFileReference; lastKnownFileType = folder.documentationcatalog; path = EssentialFeed.docc; sourceTree = "<group>"; };
		CE5884F22B2B7F7F0052195C /* EssentialFeedTests.xctest */ = {isa = PBXFileReference; explicitFileType = wrapper.cfbundle; includeInIndex = 0; path = EssentialFeedTests.xctest; sourceTree = BUILT_PRODUCTS_DIR; };
		CE5885022B2B7FE60052195C /* FeedImage.swift */ = {isa = PBXFileReference; lastKnownFileType = sourcecode.swift; path = FeedImage.swift; sourceTree = "<group>"; };
		CE5885042B2B82040052195C /* FeedLoader.swift */ = {isa = PBXFileReference; lastKnownFileType = sourcecode.swift; path = FeedLoader.swift; sourceTree = "<group>"; };
		CE6026922B2FB7A50019B6A8 /* RemoteFeedLoader.swift */ = {isa = PBXFileReference; lastKnownFileType = sourcecode.swift; path = RemoteFeedLoader.swift; sourceTree = "<group>"; };
		CE6262202BA2531E00969C43 /* XCTestCase+FailableRetrieveFeedStoreSpecs.swift */ = {isa = PBXFileReference; lastKnownFileType = sourcecode.swift; path = "XCTestCase+FailableRetrieveFeedStoreSpecs.swift"; sourceTree = "<group>"; };
		CE6262222BA253E200969C43 /* XCTestCase+FailableInsertFeedStoreSpecs.swift */ = {isa = PBXFileReference; lastKnownFileType = sourcecode.swift; path = "XCTestCase+FailableInsertFeedStoreSpecs.swift"; sourceTree = "<group>"; };
		CE6262242BA2566900969C43 /* XCTestCase+FailableDeleteFeedStoreSpecs.swift */ = {isa = PBXFileReference; lastKnownFileType = sourcecode.swift; path = "XCTestCase+FailableDeleteFeedStoreSpecs.swift"; sourceTree = "<group>"; };
		CE639D6E2B4173B900B70ABA /* URLSessionHTTPClient.swift */ = {isa = PBXFileReference; lastKnownFileType = sourcecode.swift; path = URLSessionHTTPClient.swift; sourceTree = "<group>"; };
		CE639D702B41899400B70ABA /* EssentialFeedTests.xctestplan */ = {isa = PBXFileReference; lastKnownFileType = text; path = EssentialFeedTests.xctestplan; sourceTree = "<group>"; };
		CE639D712B418B4D00B70ABA /* EssentialFeed.xctestplan */ = {isa = PBXFileReference; lastKnownFileType = text; path = EssentialFeed.xctestplan; sourceTree = "<group>"; };
		CE639D762B418D6100B70ABA /* EssentialFeedAPIEndToEndTests.xctest */ = {isa = PBXFileReference; explicitFileType = wrapper.cfbundle; includeInIndex = 0; path = EssentialFeedAPIEndToEndTests.xctest; sourceTree = BUILT_PRODUCTS_DIR; };
		CE639D782B418D6100B70ABA /* EssentialFeedAPIEndToEndTests.swift */ = {isa = PBXFileReference; lastKnownFileType = sourcecode.swift; path = EssentialFeedAPIEndToEndTests.swift; sourceTree = "<group>"; };
		CE639D852B41A48900B70ABA /* CI.xctest */ = {isa = PBXFileReference; explicitFileType = wrapper.cfbundle; includeInIndex = 0; path = CI.xctest; sourceTree = BUILT_PRODUCTS_DIR; };
		CE639D872B41A48900B70ABA /* CI.swift */ = {isa = PBXFileReference; lastKnownFileType = sourcecode.swift; path = CI.swift; sourceTree = "<group>"; };
		CE64A6832B5475C90002A2A7 /* RemoteFeedItem.swift */ = {isa = PBXFileReference; lastKnownFileType = sourcecode.swift; path = RemoteFeedItem.swift; sourceTree = "<group>"; };
		CE64A6852B54763D0002A2A7 /* LocalFeedImage.swift */ = {isa = PBXFileReference; lastKnownFileType = sourcecode.swift; path = LocalFeedImage.swift; sourceTree = "<group>"; };
		CE6676292B3DCDAA00DFDE2F /* XCTestCase+MemoryLeakTracking.swift */ = {isa = PBXFileReference; lastKnownFileType = sourcecode.swift; path = "XCTestCase+MemoryLeakTracking.swift"; sourceTree = "<group>"; };
		CE667D9C2BBACFDB00DE78EB /* CoreDataHelpers.swift */ = {isa = PBXFileReference; lastKnownFileType = sourcecode.swift; path = CoreDataHelpers.swift; sourceTree = "<group>"; };
		CE667D9E2BBAD07E00DE78EB /* ManagedCache.swift */ = {isa = PBXFileReference; lastKnownFileType = sourcecode.swift; path = ManagedCache.swift; sourceTree = "<group>"; };
		CE667DA02BBAD0A700DE78EB /* ManagedFeedImage.swift */ = {isa = PBXFileReference; lastKnownFileType = sourcecode.swift; path = ManagedFeedImage.swift; sourceTree = "<group>"; };
		CE667DA62BBADB2A00DE78EB /* EssentialFeedCacheIntegrationTests.xctest */ = {isa = PBXFileReference; explicitFileType = wrapper.cfbundle; includeInIndex = 0; path = EssentialFeedCacheIntegrationTests.xctest; sourceTree = BUILT_PRODUCTS_DIR; };
		CE667DA82BBADB2A00DE78EB /* EssentialFeedCacheIntegrationTests.swift */ = {isa = PBXFileReference; lastKnownFileType = sourcecode.swift; path = EssentialFeedCacheIntegrationTests.swift; sourceTree = "<group>"; };
		CE667DB02BBADD3C00DE78EB /* EssentialFeedCacheIntegrationTests.xctestplan */ = {isa = PBXFileReference; lastKnownFileType = text; path = EssentialFeedCacheIntegrationTests.xctestplan; sourceTree = "<group>"; };
		CE77A5D72B387A3400AE9985 /* HTTPClient.swift */ = {isa = PBXFileReference; lastKnownFileType = sourcecode.swift; path = HTTPClient.swift; sourceTree = "<group>"; };
		CE77A5D92B387AB400AE9985 /* FeedItemsMapper.swift */ = {isa = PBXFileReference; lastKnownFileType = sourcecode.swift; path = FeedItemsMapper.swift; sourceTree = "<group>"; };
		CE9D79132B39DDDD0034B04B /* URLSessionHTTPClientTests.swift */ = {isa = PBXFileReference; lastKnownFileType = sourcecode.swift; path = URLSessionHTTPClientTests.swift; sourceTree = "<group>"; };
		CEB3FD3C2B92924C00A15CA8 /* CodableFeedStore.swift */ = {isa = PBXFileReference; lastKnownFileType = sourcecode.swift; path = CodableFeedStore.swift; sourceTree = "<group>"; };
		CEBBB76F2B9F0CB90005B48F /* FeedStoreSpecs.swift */ = {isa = PBXFileReference; lastKnownFileType = sourcecode.swift; path = FeedStoreSpecs.swift; sourceTree = "<group>"; };
		CEBBB7712B9F0E160005B48F /* XCTestCase+FeedStoreSpecs.swift */ = {isa = PBXFileReference; lastKnownFileType = sourcecode.swift; path = "XCTestCase+FeedStoreSpecs.swift"; sourceTree = "<group>"; };
		CEC1FA4D2B69B28A0089D823 /* ValidateFeedCacheUseCaseTests.swift */ = {isa = PBXFileReference; lastKnownFileType = sourcecode.swift; path = ValidateFeedCacheUseCaseTests.swift; sourceTree = "<group>"; };
		CEC1FA4F2B69C0EA0089D823 /* FeedCacheTestHelpers.swift */ = {isa = PBXFileReference; lastKnownFileType = sourcecode.swift; path = FeedCacheTestHelpers.swift; sourceTree = "<group>"; };
		CEC1FA512B69C2FF0089D823 /* SharedTestHelper.swift */ = {isa = PBXFileReference; lastKnownFileType = sourcecode.swift; path = SharedTestHelper.swift; sourceTree = "<group>"; };
		CEC640D22B6C1599005F4C49 /* FeedCachePolicy.swift */ = {isa = PBXFileReference; lastKnownFileType = sourcecode.swift; path = FeedCachePolicy.swift; sourceTree = "<group>"; };
		CEE628452B2CBBF000400AA8 /* RemoteFeedLoaderTests.swift */ = {isa = PBXFileReference; lastKnownFileType = sourcecode.swift; path = RemoteFeedLoaderTests.swift; sourceTree = "<group>"; };
/* End PBXFileReference section */

/* Begin PBXFrameworksBuildPhase section */
		CE5884E52B2B7F7F0052195C /* Frameworks */ = {
			isa = PBXFrameworksBuildPhase;
			buildActionMask = 2147483647;
			files = (
			);
			runOnlyForDeploymentPostprocessing = 0;
		};
		CE5884EF2B2B7F7F0052195C /* Frameworks */ = {
			isa = PBXFrameworksBuildPhase;
			buildActionMask = 2147483647;
			files = (
				CE5884F32B2B7F7F0052195C /* EssentialFeed.framework in Frameworks */,
			);
			runOnlyForDeploymentPostprocessing = 0;
		};
		CE639D732B418D6100B70ABA /* Frameworks */ = {
			isa = PBXFrameworksBuildPhase;
			buildActionMask = 2147483647;
			files = (
				CE639D7A2B418D6100B70ABA /* EssentialFeed.framework in Frameworks */,
			);
			runOnlyForDeploymentPostprocessing = 0;
		};
		CE639D822B41A48900B70ABA /* Frameworks */ = {
			isa = PBXFrameworksBuildPhase;
			buildActionMask = 2147483647;
			files = (
				CE639D892B41A48900B70ABA /* EssentialFeed.framework in Frameworks */,
			);
			runOnlyForDeploymentPostprocessing = 0;
		};
		CE667DA32BBADB2A00DE78EB /* Frameworks */ = {
			isa = PBXFrameworksBuildPhase;
			buildActionMask = 2147483647;
			files = (
				CE667DAA2BBADB2A00DE78EB /* EssentialFeed.framework in Frameworks */,
			);
			runOnlyForDeploymentPostprocessing = 0;
		};
/* End PBXFrameworksBuildPhase section */

/* Begin PBXGroup section */
		CE11E1322B517AC000C13C6C /* Feed Cache */ = {
			isa = PBXGroup;
			children = (
				CE667D9A2BBACE8000DE78EB /* Infrastructure */,
				CE11E1302B517AB000C13C6C /* LocalFeedLoader.swift */,
				CE11E1332B517BEF00C13C6C /* FeedStore.swift */,
				CE64A6852B54763D0002A2A7 /* LocalFeedImage.swift */,
				CEC640D22B6C1599005F4C49 /* FeedCachePolicy.swift */,
			);
			path = "Feed Cache";
			sourceTree = "<group>";
		};
		CE3208F12B4AD28B005209B6 /* Feed Cache */ = {
			isa = PBXGroup;
			children = (
				CE6262262BA2572800969C43 /* FeedStoreSpecs */,
				CE40749A2B56AF87006E01AC /* Helpers */,
			);
			path = "Feed Cache";
			sourceTree = "<group>";
		};
		CE40749A2B56AF87006E01AC /* Helpers */ = {
			isa = PBXGroup;
			children = (
				CE4074982B56AF71006E01AC /* FeedStoreSpy.swift */,
				CEC1FA4F2B69C0EA0089D823 /* FeedCacheTestHelpers.swift */,
			);
			path = Helpers;
			sourceTree = "<group>";
		};
		CE5884DE2B2B7F7F0052195C = {
			isa = PBXGroup;
			children = (
				CE667DB02BBADD3C00DE78EB /* EssentialFeedCacheIntegrationTests.xctestplan */,
				CE639D712B418B4D00B70ABA /* EssentialFeed.xctestplan */,
				CE639D702B41899400B70ABA /* EssentialFeedTests.xctestplan */,
				CE5884EA2B2B7F7F0052195C /* EssentialFeed */,
				CE5884F62B2B7F7F0052195C /* EssentialFeedTests */,
				CE639D772B418D6100B70ABA /* EssentialFeedAPIEndToEndTests */,
				CE639D862B41A48900B70ABA /* CI */,
				CE667DA72BBADB2A00DE78EB /* EssentialFeedCacheIntegrationTests */,
				CE5884E92B2B7F7F0052195C /* Products */,
			);
			sourceTree = "<group>";
		};
		CE5884E92B2B7F7F0052195C /* Products */ = {
			isa = PBXGroup;
			children = (
				CE5884E82B2B7F7F0052195C /* EssentialFeed.framework */,
				CE5884F22B2B7F7F0052195C /* EssentialFeedTests.xctest */,
				CE639D762B418D6100B70ABA /* EssentialFeedAPIEndToEndTests.xctest */,
				CE639D852B41A48900B70ABA /* CI.xctest */,
				CE667DA62BBADB2A00DE78EB /* EssentialFeedCacheIntegrationTests.xctest */,
			);
			name = Products;
			sourceTree = "<group>";
		};
		CE5884EA2B2B7F7F0052195C /* EssentialFeed */ = {
			isa = PBXGroup;
			children = (
				CE11E1322B517AC000C13C6C /* Feed Cache */,
				CE5885062B2B93420052195C /* FeedFeature */,
				CE6026912B2FB7790019B6A8 /* Feed API */,
				CE5884EB2B2B7F7F0052195C /* EssentialFeed.h */,
				CE5884EC2B2B7F7F0052195C /* EssentialFeed.docc */,
			);
			path = EssentialFeed;
			sourceTree = "<group>";
		};
		CE5884F62B2B7F7F0052195C /* EssentialFeedTests */ = {
			isa = PBXGroup;
			children = (
				CE66762B2B3DCDB100DFDE2F /* Helpers */,
				CE9D79122B39AF0F0034B04B /* Feed API */,
				CE3208F12B4AD28B005209B6 /* Feed Cache */,
				CE0C0E072BB6EA2B00BD16CA /* CoreDataFeedStoreTests.swift */,
				CE3208EF2B4AD281005209B6 /* CacheFeeUseCaseTests.swift */,
				CE0C12062B74208700B29A65 /* CodableFeedStoreTests.swift */,
				CE4074962B56AC63006E01AC /* LoadFeedFromCacheUseCaseTests.swift */,
				CEC1FA4D2B69B28A0089D823 /* ValidateFeedCacheUseCaseTests.swift */,
			);
			path = EssentialFeedTests;
			sourceTree = "<group>";
		};
		CE5885062B2B93420052195C /* FeedFeature */ = {
			isa = PBXGroup;
			children = (
				CE5885022B2B7FE60052195C /* FeedImage.swift */,
				CE5885042B2B82040052195C /* FeedLoader.swift */,
			);
			path = FeedFeature;
			sourceTree = "<group>";
		};
		CE6026912B2FB7790019B6A8 /* Feed API */ = {
			isa = PBXGroup;
			children = (
				CE6026922B2FB7A50019B6A8 /* RemoteFeedLoader.swift */,
				CE77A5D92B387AB400AE9985 /* FeedItemsMapper.swift */,
				CE64A6832B5475C90002A2A7 /* RemoteFeedItem.swift */,
				CE77A5D72B387A3400AE9985 /* HTTPClient.swift */,
				CE639D6E2B4173B900B70ABA /* URLSessionHTTPClient.swift */,
			);
			path = "Feed API";
			sourceTree = "<group>";
		};
		CE6262262BA2572800969C43 /* FeedStoreSpecs */ = {
			isa = PBXGroup;
			children = (
				CEBBB76F2B9F0CB90005B48F /* FeedStoreSpecs.swift */,
				CE6262202BA2531E00969C43 /* XCTestCase+FailableRetrieveFeedStoreSpecs.swift */,
				CE6262242BA2566900969C43 /* XCTestCase+FailableDeleteFeedStoreSpecs.swift */,
				CE6262222BA253E200969C43 /* XCTestCase+FailableInsertFeedStoreSpecs.swift */,
				CEBBB7712B9F0E160005B48F /* XCTestCase+FeedStoreSpecs.swift */,
			);
			path = FeedStoreSpecs;
			sourceTree = "<group>";
		};
		CE639D772B418D6100B70ABA /* EssentialFeedAPIEndToEndTests */ = {
			isa = PBXGroup;
			children = (
				CE639D782B418D6100B70ABA /* EssentialFeedAPIEndToEndTests.swift */,
			);
			path = EssentialFeedAPIEndToEndTests;
			sourceTree = "<group>";
		};
		CE639D862B41A48900B70ABA /* CI */ = {
			isa = PBXGroup;
			children = (
				CE639D872B41A48900B70ABA /* CI.swift */,
			);
			path = CI;
			sourceTree = "<group>";
		};
		CE66762B2B3DCDB100DFDE2F /* Helpers */ = {
			isa = PBXGroup;
			children = (
				CE6676292B3DCDAA00DFDE2F /* XCTestCase+MemoryLeakTracking.swift */,
				CEC1FA512B69C2FF0089D823 /* SharedTestHelper.swift */,
			);
			path = Helpers;
			sourceTree = "<group>";
		};
		CE667D992BBACE6D00DE78EB /* CoreData */ = {
			isa = PBXGroup;
			children = (
				CE0C0E092BB6EF7800BD16CA /* CoreDataFeedStore.swift */,
				CE667D9C2BBACFDB00DE78EB /* CoreDataHelpers.swift */,
				CE667D9E2BBAD07E00DE78EB /* ManagedCache.swift */,
				CE667DA02BBAD0A700DE78EB /* ManagedFeedImage.swift */,
				CE0C0E0B2BB6F56E00BD16CA /* FeedStore.xcdatamodeld */,
			);
			path = CoreData;
			sourceTree = "<group>";
		};
		CE667D9A2BBACE8000DE78EB /* Infrastructure */ = {
			isa = PBXGroup;
			children = (
				CE667D9B2BBACEF000DE78EB /* Codable */,
				CE667D992BBACE6D00DE78EB /* CoreData */,
			);
			path = Infrastructure;
			sourceTree = "<group>";
		};
		CE667D9B2BBACEF000DE78EB /* Codable */ = {
			isa = PBXGroup;
			children = (
				CEB3FD3C2B92924C00A15CA8 /* CodableFeedStore.swift */,
			);
			path = Codable;
			sourceTree = "<group>";
		};
		CE667DA72BBADB2A00DE78EB /* EssentialFeedCacheIntegrationTests */ = {
			isa = PBXGroup;
			children = (
				CE667DA82BBADB2A00DE78EB /* EssentialFeedCacheIntegrationTests.swift */,
			);
			path = EssentialFeedCacheIntegrationTests;
			sourceTree = "<group>";
		};
		CE9D79122B39AF0F0034B04B /* Feed API */ = {
			isa = PBXGroup;
			children = (
				CEE628452B2CBBF000400AA8 /* RemoteFeedLoaderTests.swift */,
				CE9D79132B39DDDD0034B04B /* URLSessionHTTPClientTests.swift */,
			);
			path = "Feed API";
			sourceTree = "<group>";
		};
/* End PBXGroup section */

/* Begin PBXHeadersBuildPhase section */
		CE5884E32B2B7F7F0052195C /* Headers */ = {
			isa = PBXHeadersBuildPhase;
			buildActionMask = 2147483647;
			files = (
				CE5884F92B2B7F7F0052195C /* EssentialFeed.h in Headers */,
			);
			runOnlyForDeploymentPostprocessing = 0;
		};
/* End PBXHeadersBuildPhase section */

/* Begin PBXNativeTarget section */
		CE5884E72B2B7F7F0052195C /* EssentialFeed */ = {
			isa = PBXNativeTarget;
			buildConfigurationList = CE5884FC2B2B7F7F0052195C /* Build configuration list for PBXNativeTarget "EssentialFeed" */;
			buildPhases = (
				CE5884E32B2B7F7F0052195C /* Headers */,
				CE5884E42B2B7F7F0052195C /* Sources */,
				CE5884E52B2B7F7F0052195C /* Frameworks */,
				CE5884E62B2B7F7F0052195C /* Resources */,
			);
			buildRules = (
			);
			dependencies = (
			);
			name = EssentialFeed;
			productName = EssentialFeed;
			productReference = CE5884E82B2B7F7F0052195C /* EssentialFeed.framework */;
			productType = "com.apple.product-type.framework";
		};
		CE5884F12B2B7F7F0052195C /* EssentialFeedTests */ = {
			isa = PBXNativeTarget;
			buildConfigurationList = CE5884FF2B2B7F7F0052195C /* Build configuration list for PBXNativeTarget "EssentialFeedTests" */;
			buildPhases = (
				CE5884EE2B2B7F7F0052195C /* Sources */,
				CE5884EF2B2B7F7F0052195C /* Frameworks */,
				CE5884F02B2B7F7F0052195C /* Resources */,
			);
			buildRules = (
			);
			dependencies = (
				CE5884F52B2B7F7F0052195C /* PBXTargetDependency */,
			);
			name = EssentialFeedTests;
			productName = EssentialFeedTests;
			productReference = CE5884F22B2B7F7F0052195C /* EssentialFeedTests.xctest */;
			productType = "com.apple.product-type.bundle.unit-test";
		};
		CE639D752B418D6100B70ABA /* EssentialFeedAPIEndToEndTests */ = {
			isa = PBXNativeTarget;
			buildConfigurationList = CE639D7D2B418D6100B70ABA /* Build configuration list for PBXNativeTarget "EssentialFeedAPIEndToEndTests" */;
			buildPhases = (
				CE639D722B418D6100B70ABA /* Sources */,
				CE639D732B418D6100B70ABA /* Frameworks */,
				CE639D742B418D6100B70ABA /* Resources */,
			);
			buildRules = (
			);
			dependencies = (
				CE639D7C2B418D6100B70ABA /* PBXTargetDependency */,
			);
			name = EssentialFeedAPIEndToEndTests;
			productName = EssentialFeedAPIEndToEndTests;
			productReference = CE639D762B418D6100B70ABA /* EssentialFeedAPIEndToEndTests.xctest */;
			productType = "com.apple.product-type.bundle.unit-test";
		};
		CE639D842B41A48900B70ABA /* CI */ = {
			isa = PBXNativeTarget;
			buildConfigurationList = CE639D8C2B41A48900B70ABA /* Build configuration list for PBXNativeTarget "CI" */;
			buildPhases = (
				CE639D812B41A48900B70ABA /* Sources */,
				CE639D822B41A48900B70ABA /* Frameworks */,
				CE639D832B41A48900B70ABA /* Resources */,
			);
			buildRules = (
			);
			dependencies = (
				CE639D8B2B41A48900B70ABA /* PBXTargetDependency */,
			);
			name = CI;
			productName = CI;
			productReference = CE639D852B41A48900B70ABA /* CI.xctest */;
			productType = "com.apple.product-type.bundle.unit-test";
		};
		CE667DA52BBADB2A00DE78EB /* EssentialFeedCacheIntegrationTests */ = {
			isa = PBXNativeTarget;
			buildConfigurationList = CE667DAD2BBADB2A00DE78EB /* Build configuration list for PBXNativeTarget "EssentialFeedCacheIntegrationTests" */;
			buildPhases = (
				CE667DA22BBADB2A00DE78EB /* Sources */,
				CE667DA32BBADB2A00DE78EB /* Frameworks */,
				CE667DA42BBADB2A00DE78EB /* Resources */,
			);
			buildRules = (
			);
			dependencies = (
				CE667DAC2BBADB2A00DE78EB /* PBXTargetDependency */,
			);
			name = EssentialFeedCacheIntegrationTests;
			productName = EssentialFeedCacheIntegrationTests;
			productReference = CE667DA62BBADB2A00DE78EB /* EssentialFeedCacheIntegrationTests.xctest */;
			productType = "com.apple.product-type.bundle.unit-test";
		};
/* End PBXNativeTarget section */

/* Begin PBXProject section */
		CE5884DF2B2B7F7F0052195C /* Project object */ = {
			isa = PBXProject;
			attributes = {
				BuildIndependentTargetsInParallel = 1;
				LastSwiftUpdateCheck = 1500;
				LastUpgradeCheck = 1500;
				TargetAttributes = {
					CE5884E72B2B7F7F0052195C = {
						CreatedOnToolsVersion = 15.0.1;
					};
					CE5884F12B2B7F7F0052195C = {
						CreatedOnToolsVersion = 15.0.1;
					};
					CE639D752B418D6100B70ABA = {
						CreatedOnToolsVersion = 15.0.1;
					};
					CE639D842B41A48900B70ABA = {
						CreatedOnToolsVersion = 15.0.1;
					};
					CE667DA52BBADB2A00DE78EB = {
						CreatedOnToolsVersion = 15.0.1;
					};
				};
			};
			buildConfigurationList = CE5884E22B2B7F7F0052195C /* Build configuration list for PBXProject "EssentialFeed" */;
			compatibilityVersion = "Xcode 14.0";
			developmentRegion = en;
			hasScannedForEncodings = 0;
			knownRegions = (
				en,
				Base,
			);
			mainGroup = CE5884DE2B2B7F7F0052195C;
			productRefGroup = CE5884E92B2B7F7F0052195C /* Products */;
			projectDirPath = "";
			projectRoot = "";
			targets = (
				CE5884E72B2B7F7F0052195C /* EssentialFeed */,
				CE5884F12B2B7F7F0052195C /* EssentialFeedTests */,
				CE639D752B418D6100B70ABA /* EssentialFeedAPIEndToEndTests */,
				CE639D842B41A48900B70ABA /* CI */,
				CE667DA52BBADB2A00DE78EB /* EssentialFeedCacheIntegrationTests */,
			);
		};
/* End PBXProject section */

/* Begin PBXResourcesBuildPhase section */
		CE5884E62B2B7F7F0052195C /* Resources */ = {
			isa = PBXResourcesBuildPhase;
			buildActionMask = 2147483647;
			files = (
			);
			runOnlyForDeploymentPostprocessing = 0;
		};
		CE5884F02B2B7F7F0052195C /* Resources */ = {
			isa = PBXResourcesBuildPhase;
			buildActionMask = 2147483647;
			files = (
			);
			runOnlyForDeploymentPostprocessing = 0;
		};
		CE639D742B418D6100B70ABA /* Resources */ = {
			isa = PBXResourcesBuildPhase;
			buildActionMask = 2147483647;
			files = (
			);
			runOnlyForDeploymentPostprocessing = 0;
		};
		CE639D832B41A48900B70ABA /* Resources */ = {
			isa = PBXResourcesBuildPhase;
			buildActionMask = 2147483647;
			files = (
			);
			runOnlyForDeploymentPostprocessing = 0;
		};
		CE667DA42BBADB2A00DE78EB /* Resources */ = {
			isa = PBXResourcesBuildPhase;
			buildActionMask = 2147483647;
			files = (
			);
			runOnlyForDeploymentPostprocessing = 0;
		};
/* End PBXResourcesBuildPhase section */

/* Begin PBXSourcesBuildPhase section */
		CE5884E42B2B7F7F0052195C /* Sources */ = {
			isa = PBXSourcesBuildPhase;
			buildActionMask = 2147483647;
			files = (
				CE64A6862B54763D0002A2A7 /* LocalFeedImage.swift in Sources */,
				CE0C0E0D2BB6F56E00BD16CA /* FeedStore.xcdatamodeld in Sources */,
				CE11E1342B517BEF00C13C6C /* FeedStore.swift in Sources */,
				CE639D6F2B4173B900B70ABA /* URLSessionHTTPClient.swift in Sources */,
				CE6026932B2FB7A50019B6A8 /* RemoteFeedLoader.swift in Sources */,
				CE77A5D82B387A3400AE9985 /* HTTPClient.swift in Sources */,
				CE667D9D2BBACFDB00DE78EB /* CoreDataHelpers.swift in Sources */,
				CE5885052B2B82040052195C /* FeedLoader.swift in Sources */,
				CE0C0E0A2BB6EF7800BD16CA /* CoreDataFeedStore.swift in Sources */,
				CE667D9F2BBAD07E00DE78EB /* ManagedCache.swift in Sources */,
				CE77A5DA2B387AB400AE9985 /* FeedItemsMapper.swift in Sources */,
				CE64A6842B5475C90002A2A7 /* RemoteFeedItem.swift in Sources */,
				CEB3FD3D2B92924C00A15CA8 /* CodableFeedStore.swift in Sources */,
				CEC640D32B6C1599005F4C49 /* FeedCachePolicy.swift in Sources */,
				CE5885032B2B7FE60052195C /* FeedImage.swift in Sources */,
				CE667DA12BBAD0A700DE78EB /* ManagedFeedImage.swift in Sources */,
				CE11E1312B517AB000C13C6C /* LocalFeedLoader.swift in Sources */,
				CE5884ED2B2B7F7F0052195C /* EssentialFeed.docc in Sources */,
			);
			runOnlyForDeploymentPostprocessing = 0;
		};
		CE5884EE2B2B7F7F0052195C /* Sources */ = {
			isa = PBXSourcesBuildPhase;
			buildActionMask = 2147483647;
			files = (
				CE0C12072B74208700B29A65 /* CodableFeedStoreTests.swift in Sources */,
				CEC1FA502B69C0EA0089D823 /* FeedCacheTestHelpers.swift in Sources */,
				CEC1FA4E2B69B28A0089D823 /* ValidateFeedCacheUseCaseTests.swift in Sources */,
				CEC1FA522B69C2FF0089D823 /* SharedTestHelper.swift in Sources */,
				CE6262232BA253E200969C43 /* XCTestCase+FailableInsertFeedStoreSpecs.swift in Sources */,
				CEE628462B2CBBF000400AA8 /* RemoteFeedLoaderTests.swift in Sources */,
				CE3208F02B4AD281005209B6 /* CacheFeeUseCaseTests.swift in Sources */,
				CE4074992B56AF71006E01AC /* FeedStoreSpy.swift in Sources */,
				CE9D79142B39DDDD0034B04B /* URLSessionHTTPClientTests.swift in Sources */,
				CE6262252BA2566900969C43 /* XCTestCase+FailableDeleteFeedStoreSpecs.swift in Sources */,
				CE6262212BA2531E00969C43 /* XCTestCase+FailableRetrieveFeedStoreSpecs.swift in Sources */,
				CE4074972B56AC63006E01AC /* LoadFeedFromCacheUseCaseTests.swift in Sources */,
				CEBBB7702B9F0CB90005B48F /* FeedStoreSpecs.swift in Sources */,
				CE66762A2B3DCDAA00DFDE2F /* XCTestCase+MemoryLeakTracking.swift in Sources */,
				CE0C0E082BB6EA2B00BD16CA /* CoreDataFeedStoreTests.swift in Sources */,
				CEBBB7722B9F0E160005B48F /* XCTestCase+FeedStoreSpecs.swift in Sources */,
			);
			runOnlyForDeploymentPostprocessing = 0;
		};
		CE639D722B418D6100B70ABA /* Sources */ = {
			isa = PBXSourcesBuildPhase;
			buildActionMask = 2147483647;
			files = (
				CE639D792B418D6100B70ABA /* EssentialFeedAPIEndToEndTests.swift in Sources */,
				CE639D802B41A12300B70ABA /* XCTestCase+MemoryLeakTracking.swift in Sources */,
			);
			runOnlyForDeploymentPostprocessing = 0;
		};
		CE639D812B41A48900B70ABA /* Sources */ = {
			isa = PBXSourcesBuildPhase;
			buildActionMask = 2147483647;
			files = (
				CE639D882B41A48900B70ABA /* CI.swift in Sources */,
			);
			runOnlyForDeploymentPostprocessing = 0;
		};
		CE667DA22BBADB2A00DE78EB /* Sources */ = {
			isa = PBXSourcesBuildPhase;
			buildActionMask = 2147483647;
			files = (
				CE667DB32BBAE76A00DE78EB /* SharedTestHelper.swift in Sources */,
				CE667DA92BBADB2A00DE78EB /* EssentialFeedCacheIntegrationTests.swift in Sources */,
				CE667DB22BBAE74700DE78EB /* FeedCacheTestHelpers.swift in Sources */,
				CE667DB12BBAE18C00DE78EB /* XCTestCase+MemoryLeakTracking.swift in Sources */,
			);
			runOnlyForDeploymentPostprocessing = 0;
		};
/* End PBXSourcesBuildPhase section */

/* Begin PBXTargetDependency section */
		CE5884F52B2B7F7F0052195C /* PBXTargetDependency */ = {
			isa = PBXTargetDependency;
			target = CE5884E72B2B7F7F0052195C /* EssentialFeed */;
			targetProxy = CE5884F42B2B7F7F0052195C /* PBXContainerItemProxy */;
		};
		CE639D7C2B418D6100B70ABA /* PBXTargetDependency */ = {
			isa = PBXTargetDependency;
			target = CE5884E72B2B7F7F0052195C /* EssentialFeed */;
			targetProxy = CE639D7B2B418D6100B70ABA /* PBXContainerItemProxy */;
		};
		CE639D8B2B41A48900B70ABA /* PBXTargetDependency */ = {
			isa = PBXTargetDependency;
			target = CE5884E72B2B7F7F0052195C /* EssentialFeed */;
			targetProxy = CE639D8A2B41A48900B70ABA /* PBXContainerItemProxy */;
		};
		CE667DAC2BBADB2A00DE78EB /* PBXTargetDependency */ = {
			isa = PBXTargetDependency;
			target = CE5884E72B2B7F7F0052195C /* EssentialFeed */;
			targetProxy = CE667DAB2BBADB2A00DE78EB /* PBXContainerItemProxy */;
		};
/* End PBXTargetDependency section */

/* Begin XCBuildConfiguration section */
		CE5884FA2B2B7F7F0052195C /* Debug */ = {
			isa = XCBuildConfiguration;
			buildSettings = {
				ALWAYS_SEARCH_USER_PATHS = NO;
				ASSETCATALOG_COMPILER_GENERATE_SWIFT_ASSET_SYMBOL_EXTENSIONS = YES;
				CLANG_ANALYZER_NONNULL = YES;
				CLANG_ANALYZER_NUMBER_OBJECT_CONVERSION = YES_AGGRESSIVE;
				CLANG_CXX_LANGUAGE_STANDARD = "gnu++20";
				CLANG_ENABLE_MODULES = YES;
				CLANG_ENABLE_OBJC_ARC = YES;
				CLANG_ENABLE_OBJC_WEAK = YES;
				CLANG_WARN_BLOCK_CAPTURE_AUTORELEASING = YES;
				CLANG_WARN_BOOL_CONVERSION = YES;
				CLANG_WARN_COMMA = YES;
				CLANG_WARN_CONSTANT_CONVERSION = YES;
				CLANG_WARN_DEPRECATED_OBJC_IMPLEMENTATIONS = YES;
				CLANG_WARN_DIRECT_OBJC_ISA_USAGE = YES_ERROR;
				CLANG_WARN_DOCUMENTATION_COMMENTS = YES;
				CLANG_WARN_EMPTY_BODY = YES;
				CLANG_WARN_ENUM_CONVERSION = YES;
				CLANG_WARN_INFINITE_RECURSION = YES;
				CLANG_WARN_INT_CONVERSION = YES;
				CLANG_WARN_NON_LITERAL_NULL_CONVERSION = YES;
				CLANG_WARN_OBJC_IMPLICIT_RETAIN_SELF = YES;
				CLANG_WARN_OBJC_LITERAL_CONVERSION = YES;
				CLANG_WARN_OBJC_ROOT_CLASS = YES_ERROR;
				CLANG_WARN_QUOTED_INCLUDE_IN_FRAMEWORK_HEADER = YES;
				CLANG_WARN_RANGE_LOOP_ANALYSIS = YES;
				CLANG_WARN_STRICT_PROTOTYPES = YES;
				CLANG_WARN_SUSPICIOUS_MOVE = YES;
				CLANG_WARN_UNGUARDED_AVAILABILITY = YES_AGGRESSIVE;
				CLANG_WARN_UNREACHABLE_CODE = YES;
				CLANG_WARN__DUPLICATE_METHOD_MATCH = YES;
				COPY_PHASE_STRIP = NO;
				CURRENT_PROJECT_VERSION = 1;
				DEBUG_INFORMATION_FORMAT = dwarf;
				ENABLE_STRICT_OBJC_MSGSEND = YES;
				ENABLE_TESTABILITY = YES;
				ENABLE_USER_SCRIPT_SANDBOXING = YES;
				GCC_C_LANGUAGE_STANDARD = gnu17;
				GCC_DYNAMIC_NO_PIC = NO;
				GCC_NO_COMMON_BLOCKS = YES;
				GCC_OPTIMIZATION_LEVEL = 0;
				GCC_PREPROCESSOR_DEFINITIONS = (
					"DEBUG=1",
					"$(inherited)",
				);
				GCC_WARN_64_TO_32_BIT_CONVERSION = YES;
				GCC_WARN_ABOUT_RETURN_TYPE = YES_ERROR;
				GCC_WARN_UNDECLARED_SELECTOR = YES;
				GCC_WARN_UNINITIALIZED_AUTOS = YES_AGGRESSIVE;
				GCC_WARN_UNUSED_FUNCTION = YES;
				GCC_WARN_UNUSED_VARIABLE = YES;
				LOCALIZATION_PREFERS_STRING_CATALOGS = YES;
				MTL_ENABLE_DEBUG_INFO = INCLUDE_SOURCE;
				MTL_FAST_MATH = YES;
				ONLY_ACTIVE_ARCH = YES;
				SWIFT_ACTIVE_COMPILATION_CONDITIONS = "DEBUG $(inherited)";
				SWIFT_OPTIMIZATION_LEVEL = "-Onone";
				VERSIONING_SYSTEM = "apple-generic";
				VERSION_INFO_PREFIX = "";
			};
			name = Debug;
		};
		CE5884FB2B2B7F7F0052195C /* Release */ = {
			isa = XCBuildConfiguration;
			buildSettings = {
				ALWAYS_SEARCH_USER_PATHS = NO;
				ASSETCATALOG_COMPILER_GENERATE_SWIFT_ASSET_SYMBOL_EXTENSIONS = YES;
				CLANG_ANALYZER_NONNULL = YES;
				CLANG_ANALYZER_NUMBER_OBJECT_CONVERSION = YES_AGGRESSIVE;
				CLANG_CXX_LANGUAGE_STANDARD = "gnu++20";
				CLANG_ENABLE_MODULES = YES;
				CLANG_ENABLE_OBJC_ARC = YES;
				CLANG_ENABLE_OBJC_WEAK = YES;
				CLANG_WARN_BLOCK_CAPTURE_AUTORELEASING = YES;
				CLANG_WARN_BOOL_CONVERSION = YES;
				CLANG_WARN_COMMA = YES;
				CLANG_WARN_CONSTANT_CONVERSION = YES;
				CLANG_WARN_DEPRECATED_OBJC_IMPLEMENTATIONS = YES;
				CLANG_WARN_DIRECT_OBJC_ISA_USAGE = YES_ERROR;
				CLANG_WARN_DOCUMENTATION_COMMENTS = YES;
				CLANG_WARN_EMPTY_BODY = YES;
				CLANG_WARN_ENUM_CONVERSION = YES;
				CLANG_WARN_INFINITE_RECURSION = YES;
				CLANG_WARN_INT_CONVERSION = YES;
				CLANG_WARN_NON_LITERAL_NULL_CONVERSION = YES;
				CLANG_WARN_OBJC_IMPLICIT_RETAIN_SELF = YES;
				CLANG_WARN_OBJC_LITERAL_CONVERSION = YES;
				CLANG_WARN_OBJC_ROOT_CLASS = YES_ERROR;
				CLANG_WARN_QUOTED_INCLUDE_IN_FRAMEWORK_HEADER = YES;
				CLANG_WARN_RANGE_LOOP_ANALYSIS = YES;
				CLANG_WARN_STRICT_PROTOTYPES = YES;
				CLANG_WARN_SUSPICIOUS_MOVE = YES;
				CLANG_WARN_UNGUARDED_AVAILABILITY = YES_AGGRESSIVE;
				CLANG_WARN_UNREACHABLE_CODE = YES;
				CLANG_WARN__DUPLICATE_METHOD_MATCH = YES;
				COPY_PHASE_STRIP = NO;
				CURRENT_PROJECT_VERSION = 1;
				DEBUG_INFORMATION_FORMAT = "dwarf-with-dsym";
				ENABLE_NS_ASSERTIONS = NO;
				ENABLE_STRICT_OBJC_MSGSEND = YES;
				ENABLE_USER_SCRIPT_SANDBOXING = YES;
				GCC_C_LANGUAGE_STANDARD = gnu17;
				GCC_NO_COMMON_BLOCKS = YES;
				GCC_WARN_64_TO_32_BIT_CONVERSION = YES;
				GCC_WARN_ABOUT_RETURN_TYPE = YES_ERROR;
				GCC_WARN_UNDECLARED_SELECTOR = YES;
				GCC_WARN_UNINITIALIZED_AUTOS = YES_AGGRESSIVE;
				GCC_WARN_UNUSED_FUNCTION = YES;
				GCC_WARN_UNUSED_VARIABLE = YES;
				LOCALIZATION_PREFERS_STRING_CATALOGS = YES;
				MTL_ENABLE_DEBUG_INFO = NO;
				MTL_FAST_MATH = YES;
				SWIFT_COMPILATION_MODE = wholemodule;
				VERSIONING_SYSTEM = "apple-generic";
				VERSION_INFO_PREFIX = "";
			};
			name = Release;
		};
		CE5884FD2B2B7F7F0052195C /* Debug */ = {
			isa = XCBuildConfiguration;
			buildSettings = {
				CODE_SIGN_STYLE = Automatic;
				CURRENT_PROJECT_VERSION = 1;
				DEFINES_MODULE = YES;
				DYLIB_COMPATIBILITY_VERSION = 1;
				DYLIB_CURRENT_VERSION = 1;
				DYLIB_INSTALL_NAME_BASE = "@rpath";
				ENABLE_MODULE_VERIFIER = YES;
				GENERATE_INFOPLIST_FILE = YES;
				INFOPLIST_KEY_NSHumanReadableCopyright = "";
				INSTALL_PATH = "$(LOCAL_LIBRARY_DIR)/Frameworks";
				IPHONEOS_DEPLOYMENT_TARGET = 17.0;
				LD_RUNPATH_SEARCH_PATHS = (
					"@executable_path/Frameworks",
					"@loader_path/Frameworks",
				);
				"LD_RUNPATH_SEARCH_PATHS[sdk=macosx*]" = (
					"@executable_path/../Frameworks",
					"@loader_path/Frameworks",
				);
				MACOSX_DEPLOYMENT_TARGET = 14.0;
				MARKETING_VERSION = 1.0;
				MODULE_VERIFIER_SUPPORTED_LANGUAGES = "objective-c objective-c++";
				MODULE_VERIFIER_SUPPORTED_LANGUAGE_STANDARDS = "gnu17 gnu++20";
				PRODUCT_BUNDLE_IDENTIFIER = com.power.system.kh.EssentialFeed;
				PRODUCT_NAME = "$(TARGET_NAME:c99extidentifier)";
				SDKROOT = auto;
				SKIP_INSTALL = YES;
				SUPPORTED_PLATFORMS = "iphoneos iphonesimulator macosx";
				SWIFT_EMIT_LOC_STRINGS = YES;
				SWIFT_VERSION = 5.0;
				TARGETED_DEVICE_FAMILY = "1,2";
			};
			name = Debug;
		};
		CE5884FE2B2B7F7F0052195C /* Release */ = {
			isa = XCBuildConfiguration;
			buildSettings = {
				CODE_SIGN_STYLE = Automatic;
				CURRENT_PROJECT_VERSION = 1;
				DEFINES_MODULE = YES;
				DYLIB_COMPATIBILITY_VERSION = 1;
				DYLIB_CURRENT_VERSION = 1;
				DYLIB_INSTALL_NAME_BASE = "@rpath";
				ENABLE_MODULE_VERIFIER = YES;
				GENERATE_INFOPLIST_FILE = YES;
				INFOPLIST_KEY_NSHumanReadableCopyright = "";
				INSTALL_PATH = "$(LOCAL_LIBRARY_DIR)/Frameworks";
				IPHONEOS_DEPLOYMENT_TARGET = 17.0;
				LD_RUNPATH_SEARCH_PATHS = (
					"@executable_path/Frameworks",
					"@loader_path/Frameworks",
				);
				"LD_RUNPATH_SEARCH_PATHS[sdk=macosx*]" = (
					"@executable_path/../Frameworks",
					"@loader_path/Frameworks",
				);
				MACOSX_DEPLOYMENT_TARGET = 14.0;
				MARKETING_VERSION = 1.0;
				MODULE_VERIFIER_SUPPORTED_LANGUAGES = "objective-c objective-c++";
				MODULE_VERIFIER_SUPPORTED_LANGUAGE_STANDARDS = "gnu17 gnu++20";
				PRODUCT_BUNDLE_IDENTIFIER = com.power.system.kh.EssentialFeed;
				PRODUCT_NAME = "$(TARGET_NAME:c99extidentifier)";
				SDKROOT = auto;
				SKIP_INSTALL = YES;
				SUPPORTED_PLATFORMS = "iphoneos iphonesimulator macosx";
				SWIFT_EMIT_LOC_STRINGS = YES;
				SWIFT_VERSION = 5.0;
				TARGETED_DEVICE_FAMILY = "1,2";
			};
			name = Release;
		};
		CE5885002B2B7F7F0052195C /* Debug */ = {
			isa = XCBuildConfiguration;
			buildSettings = {
				ALWAYS_EMBED_SWIFT_STANDARD_LIBRARIES = YES;
				CODE_SIGN_STYLE = Automatic;
				CURRENT_PROJECT_VERSION = 1;
				GENERATE_INFOPLIST_FILE = YES;
				IPHONEOS_DEPLOYMENT_TARGET = 17.0;
				MACOSX_DEPLOYMENT_TARGET = 14.0;
				MARKETING_VERSION = 1.0;
				PRODUCT_BUNDLE_IDENTIFIER = com.power.system.kh.EssentialFeedTests;
				PRODUCT_NAME = "$(TARGET_NAME)";
				SDKROOT = auto;
				SUPPORTED_PLATFORMS = "iphoneos iphonesimulator macosx";
				SWIFT_EMIT_LOC_STRINGS = NO;
				SWIFT_VERSION = 5.0;
				TARGETED_DEVICE_FAMILY = "1,2";
			};
			name = Debug;
		};
		CE5885012B2B7F7F0052195C /* Release */ = {
			isa = XCBuildConfiguration;
			buildSettings = {
				ALWAYS_EMBED_SWIFT_STANDARD_LIBRARIES = YES;
				CODE_SIGN_STYLE = Automatic;
				CURRENT_PROJECT_VERSION = 1;
				GENERATE_INFOPLIST_FILE = YES;
				IPHONEOS_DEPLOYMENT_TARGET = 17.0;
				MACOSX_DEPLOYMENT_TARGET = 14.0;
				MARKETING_VERSION = 1.0;
				PRODUCT_BUNDLE_IDENTIFIER = com.power.system.kh.EssentialFeedTests;
				PRODUCT_NAME = "$(TARGET_NAME)";
				SDKROOT = auto;
				SUPPORTED_PLATFORMS = "iphoneos iphonesimulator macosx";
				SWIFT_EMIT_LOC_STRINGS = NO;
				SWIFT_VERSION = 5.0;
				TARGETED_DEVICE_FAMILY = "1,2";
			};
			name = Release;
		};
		CE639D7E2B418D6100B70ABA /* Debug */ = {
			isa = XCBuildConfiguration;
			buildSettings = {
				CODE_SIGN_STYLE = Automatic;
				CURRENT_PROJECT_VERSION = 1;
				GENERATE_INFOPLIST_FILE = YES;
				MACOSX_DEPLOYMENT_TARGET = 14.0;
				MARKETING_VERSION = 1.0;
				PRODUCT_BUNDLE_IDENTIFIER = com.power.system.kh.EssentialFeedAPIEndToEndTests;
				PRODUCT_NAME = "$(TARGET_NAME)";
				SDKROOT = macosx;
				SWIFT_EMIT_LOC_STRINGS = NO;
				SWIFT_VERSION = 5.0;
			};
			name = Debug;
		};
		CE639D7F2B418D6100B70ABA /* Release */ = {
			isa = XCBuildConfiguration;
			buildSettings = {
				CODE_SIGN_STYLE = Automatic;
				CURRENT_PROJECT_VERSION = 1;
				GENERATE_INFOPLIST_FILE = YES;
				MACOSX_DEPLOYMENT_TARGET = 14.0;
				MARKETING_VERSION = 1.0;
				PRODUCT_BUNDLE_IDENTIFIER = com.power.system.kh.EssentialFeedAPIEndToEndTests;
				PRODUCT_NAME = "$(TARGET_NAME)";
				SDKROOT = macosx;
				SWIFT_EMIT_LOC_STRINGS = NO;
				SWIFT_VERSION = 5.0;
			};
			name = Release;
		};
		CE639D8D2B41A48900B70ABA /* Debug */ = {
			isa = XCBuildConfiguration;
			buildSettings = {
				CODE_SIGN_STYLE = Automatic;
				CURRENT_PROJECT_VERSION = 1;
				GENERATE_INFOPLIST_FILE = YES;
				MACOSX_DEPLOYMENT_TARGET = 14.0;
				MARKETING_VERSION = 1.0;
				PRODUCT_BUNDLE_IDENTIFIER = com.power.system.kh.CI;
				PRODUCT_NAME = "$(TARGET_NAME)";
				SDKROOT = macosx;
				SWIFT_EMIT_LOC_STRINGS = NO;
				SWIFT_VERSION = 5.0;
			};
			name = Debug;
		};
		CE639D8E2B41A48900B70ABA /* Release */ = {
			isa = XCBuildConfiguration;
			buildSettings = {
				CODE_SIGN_STYLE = Automatic;
				CURRENT_PROJECT_VERSION = 1;
				GENERATE_INFOPLIST_FILE = YES;
				MACOSX_DEPLOYMENT_TARGET = 14.0;
				MARKETING_VERSION = 1.0;
				PRODUCT_BUNDLE_IDENTIFIER = com.power.system.kh.CI;
				PRODUCT_NAME = "$(TARGET_NAME)";
				SDKROOT = macosx;
				SWIFT_EMIT_LOC_STRINGS = NO;
				SWIFT_VERSION = 5.0;
			};
			name = Release;
		};
		CE667DAE2BBADB2A00DE78EB /* Debug */ = {
			isa = XCBuildConfiguration;
			buildSettings = {
				CODE_SIGN_STYLE = Automatic;
				CURRENT_PROJECT_VERSION = 1;
				GENERATE_INFOPLIST_FILE = YES;
				MACOSX_DEPLOYMENT_TARGET = 14.0;
				MARKETING_VERSION = 1.0;
				PRODUCT_BUNDLE_IDENTIFIER = com.power.system.kh.EssentialFeedCacheIntegrationTests;
				PRODUCT_NAME = "$(TARGET_NAME)";
				SDKROOT = macosx;
				SWIFT_EMIT_LOC_STRINGS = NO;
				SWIFT_VERSION = 5.0;
			};
			name = Debug;
		};
		CE667DAF2BBADB2A00DE78EB /* Release */ = {
			isa = XCBuildConfiguration;
			buildSettings = {
				CODE_SIGN_STYLE = Automatic;
				CURRENT_PROJECT_VERSION = 1;
				GENERATE_INFOPLIST_FILE = YES;
				MACOSX_DEPLOYMENT_TARGET = 14.0;
				MARKETING_VERSION = 1.0;
				PRODUCT_BUNDLE_IDENTIFIER = com.power.system.kh.EssentialFeedCacheIntegrationTests;
				PRODUCT_NAME = "$(TARGET_NAME)";
				SDKROOT = macosx;
				SWIFT_EMIT_LOC_STRINGS = NO;
				SWIFT_VERSION = 5.0;
			};
			name = Release;
		};
/* End XCBuildConfiguration section */

/* Begin XCConfigurationList section */
		CE5884E22B2B7F7F0052195C /* Build configuration list for PBXProject "EssentialFeed" */ = {
			isa = XCConfigurationList;
			buildConfigurations = (
				CE5884FA2B2B7F7F0052195C /* Debug */,
				CE5884FB2B2B7F7F0052195C /* Release */,
			);
			defaultConfigurationIsVisible = 0;
			defaultConfigurationName = Release;
		};
		CE5884FC2B2B7F7F0052195C /* Build configuration list for PBXNativeTarget "EssentialFeed" */ = {
			isa = XCConfigurationList;
			buildConfigurations = (
				CE5884FD2B2B7F7F0052195C /* Debug */,
				CE5884FE2B2B7F7F0052195C /* Release */,
			);
			defaultConfigurationIsVisible = 0;
			defaultConfigurationName = Release;
		};
		CE5884FF2B2B7F7F0052195C /* Build configuration list for PBXNativeTarget "EssentialFeedTests" */ = {
			isa = XCConfigurationList;
			buildConfigurations = (
				CE5885002B2B7F7F0052195C /* Debug */,
				CE5885012B2B7F7F0052195C /* Release */,
			);
			defaultConfigurationIsVisible = 0;
			defaultConfigurationName = Release;
		};
		CE639D7D2B418D6100B70ABA /* Build configuration list for PBXNativeTarget "EssentialFeedAPIEndToEndTests" */ = {
			isa = XCConfigurationList;
			buildConfigurations = (
				CE639D7E2B418D6100B70ABA /* Debug */,
				CE639D7F2B418D6100B70ABA /* Release */,
			);
			defaultConfigurationIsVisible = 0;
			defaultConfigurationName = Release;
		};
		CE639D8C2B41A48900B70ABA /* Build configuration list for PBXNativeTarget "CI" */ = {
			isa = XCConfigurationList;
			buildConfigurations = (
				CE639D8D2B41A48900B70ABA /* Debug */,
				CE639D8E2B41A48900B70ABA /* Release */,
			);
			defaultConfigurationIsVisible = 0;
			defaultConfigurationName = Release;
		};
		CE667DAD2BBADB2A00DE78EB /* Build configuration list for PBXNativeTarget "EssentialFeedCacheIntegrationTests" */ = {
			isa = XCConfigurationList;
			buildConfigurations = (
				CE667DAE2BBADB2A00DE78EB /* Debug */,
				CE667DAF2BBADB2A00DE78EB /* Release */,
			);
			defaultConfigurationIsVisible = 0;
			defaultConfigurationName = Release;
		};
/* End XCConfigurationList section */

/* Begin XCVersionGroup section */
		CE0C0E0B2BB6F56E00BD16CA /* FeedStore.xcdatamodeld */ = {
			isa = XCVersionGroup;
			children = (
				CE0C0E0C2BB6F56E00BD16CA /* FeedStore.xcdatamodel */,
			);
			currentVersion = CE0C0E0C2BB6F56E00BD16CA /* FeedStore.xcdatamodel */;
			path = FeedStore.xcdatamodeld;
			sourceTree = "<group>";
			versionGroupType = wrapper.xcdatamodel;
		};
/* End XCVersionGroup section */
	};
	rootObject = CE5884DF2B2B7F7F0052195C /* Project object */;
}
